
Microsoft Visual Studio Solution File, Format Version 12.00
# Visual Studio Version 17
VisualStudioVersion = 17.10.35013.160
MinimumVisualStudioVersion = 10.0.40219.1
Project("{FAE04EC0-301F-11D3-BF4B-00C04F79EFBC}") = "Donkey_Kong_IHM", "Donkey_Kong_IHM\Donkey_Kong_IHM.csproj", "{CDEBA8E2-26D1-45C0-B442-C3DE88F8EC2B}"
EndProject
Project("{FAE04EC0-301F-11D3-BF4B-00C04F79EFBC}") = "Donkey_Kong_Metier", "Donkey_Kong_Metier\Donkey_Kong_Metier.csproj", "{305AC027-5000-4DF8-977D-53AD845E0B2D}"
EndProject
Project("{FAE04EC0-301F-11D3-BF4B-00C04F79EFBC}") = "Donkey_Kong_VM", "Donkey_Kong_VM\Donkey_Kong_VM.csproj", "{4FAB82FC-7176-4801-8E6E-4631397CDDED}"
EndProject
Global
	GlobalSection(SolutionConfigurationPlatforms) = preSolution
		Debug|Any CPU = Debug|Any CPU
		Release|Any CPU = Release|Any CPU
	EndGlobalSection
	GlobalSection(ProjectConfigurationPlatforms) = postSolution
		{CDEBA8E2-26D1-45C0-B442-C3DE88F8EC2B}.Debug|Any CPU.ActiveCfg = Debug|Any CPU
		{CDEBA8E2-26D1-45C0-B442-C3DE88F8EC2B}.Debug|Any CPU.Build.0 = Debug|Any CPU
		{CDEBA8E2-26D1-45C0-B442-C3DE88F8EC2B}.Release|Any CPU.ActiveCfg = Release|Any CPU
		{CDEBA8E2-26D1-45C0-B442-C3DE88F8EC2B}.Release|Any CPU.Build.0 = Release|Any CPU
		{305AC027-5000-4DF8-977D-53AD845E0B2D}.Debug|Any CPU.ActiveCfg = Debug|Any CPU
		{305AC027-5000-4DF8-977D-53AD845E0B2D}.Debug|Any CPU.Build.0 = Debug|Any CPU
		{305AC027-5000-4DF8-977D-53AD845E0B2D}.Release|Any CPU.ActiveCfg = Release|Any CPU
		{305AC027-5000-4DF8-977D-53AD845E0B2D}.Release|Any CPU.Build.0 = Release|Any CPU
		{4FAB82FC-7176-4801-8E6E-4631397CDDED}.Debug|Any CPU.ActiveCfg = Debug|Any CPU
		{4FAB82FC-7176-4801-8E6E-4631397CDDED}.Debug|Any CPU.Build.0 = Debug|Any CPU
		{4FAB82FC-7176-4801-8E6E-4631397CDDED}.Release|Any CPU.ActiveCfg = Release|Any CPU
		{4FAB82FC-7176-4801-8E6E-4631397CDDED}.Release|Any CPU.Build.0 = Release|Any CPU
	EndGlobalSection
	GlobalSection(SolutionProperties) = preSolution
		HideSolutionNode = FALSE
	EndGlobalSection
	GlobalSection(ExtensibilityGlobals) = postSolution
		SolutionGuid = {2592EC72-314B-4FD5-A880-7DFCFDA1A6E1}
	EndGlobalSection
EndGlobal
